
Microsoft Visual Studio Solution File, Format Version 12.00
# Visual Studio Version 17
VisualStudioVersion = 17.8.34330.188
MinimumVisualStudioVersion = 10.0.40219.1
Project("{FAE04EC0-301F-11D3-BF4B-00C04F79EFBC}") = "PlopMachine", "PlopMachine.csproj", "{268BB7AD-5BFD-4135-AC7A-B33F5CF0441A}"
EndProject
Global
	GlobalSection(SolutionConfigurationPlatforms) = preSolution
		Debug|Any CPU = Debug|Any CPU
		Release|Any CPU = Release|Any CPU
	EndGlobalSection
	GlobalSection(ProjectConfigurationPlatforms) = postSolution
		{268BB7AD-5BFD-4135-AC7A-B33F5CF0441A}.Debug|Any CPU.ActiveCfg = Debug|Any CPU
		{268BB7AD-5BFD-4135-AC7A-B33F5CF0441A}.Debug|Any CPU.Build.0 = Debug|Any CPU
		{268BB7AD-5BFD-4135-AC7A-B33F5CF0441A}.Release|Any CPU.ActiveCfg = Release|Any CPU
		{268BB7AD-5BFD-4135-AC7A-B33F5CF0441A}.Release|Any CPU.Build.0 = Release|Any CPU
	EndGlobalSection
	GlobalSection(SolutionProperties) = preSolution
		HideSolutionNode = FALSE
	EndGlobalSection
	GlobalSection(ExtensibilityGlobals) = postSolution
		SolutionGuid = {ECB5C942-D5AB-4B2B-9BA0-390B4C7AB691}
	EndGlobalSection
EndGlobal
